
Microsoft Visual Studio Solution File, Format Version 12.00
# Visual Studio Version 17
VisualStudioVersion = 17.12.35527.113
MinimumVisualStudioVersion = 10.0.40219.1
Project("{8BC9CEB8-8B4A-11D0-8D11-00A0C91BC942}") = "AhnalyticScanner", "apps\AhnalyticScanner\AhnalyticScanner.vcxproj", "{2B1933A9-2E41-47A6-9CCB-6A2B3A895FE4}"
	ProjectSection(ProjectDependencies) = postProject
		{083D0B35-AB94-482B-BC6B-62F930799CEA} = {083D0B35-AB94-482B-BC6B-62F930799CEA}
		{12345678-ABCD-4321-EFAB-1234567890AB} = {12345678-ABCD-4321-EFAB-1234567890AB}
		{2D43DCA6-7904-4D30-B04A-822FCA57443C} = {2D43DCA6-7904-4D30-B04A-822FCA57443C}
		{633519CE-E851-4C63-9695-E9A564020F04} = {633519CE-E851-4C63-9695-E9A564020F04}
		{7D567F88-380E-3BBD-BBD8-EF9E8667F051} = {7D567F88-380E-3BBD-BBD8-EF9E8667F051}
		{814D679A-82F0-356F-9B4A-3DDF4A2E4887} = {814D679A-82F0-356F-9B4A-3DDF4A2E4887}
		{9092C5CC-3E71-41B3-BF68-4A7BDD8A5476} = {9092C5CC-3E71-41B3-BF68-4A7BDD8A5476}
		{AAD5F0C6-6D6F-33D5-BFA6-9BE8B97607E2} = {AAD5F0C6-6D6F-33D5-BFA6-9BE8B97607E2}
	EndProjectSection
EndProject
Project("{8BC9CEB8-8B4A-11D0-8D11-00A0C91BC942}") = "Tree-Sitter", "3rdParty\tree-sitter\buildwin\Tree-Sitter.vcxproj", "{2D43DCA6-7904-4D30-B04A-822FCA57443C}"
EndProject
Project("{8BC9CEB8-8B4A-11D0-8D11-00A0C91BC942}") = "AhnalyticBase", "libs\AhnalyticBase\AhnalyticBase.vcxproj", "{083D0B35-AB94-482B-BC6B-62F930799CEA}"
	ProjectSection(ProjectDependencies) = postProject
		{00000000-94D5-4BF9-8A50-7BD9929A0850} = {00000000-94D5-4BF9-8A50-7BD9929A0850}
		{12345678-ABCD-4321-EFAB-1234567890AB} = {12345678-ABCD-4321-EFAB-1234567890AB}
		{2350075F-3FD7-3232-AF14-1B2CA151C82B} = {2350075F-3FD7-3232-AF14-1B2CA151C82B}
		{2D43DCA6-7904-4D30-B04A-822FCA57443C} = {2D43DCA6-7904-4D30-B04A-822FCA57443C}
		{42D8ABA4-FC4E-426C-A833-D64D06081F92} = {42D8ABA4-FC4E-426C-A833-D64D06081F92}
		{633519CE-E851-4C63-9695-E9A564020F04} = {633519CE-E851-4C63-9695-E9A564020F04}
		{799893D2-E54B-38EF-B6DC-4EBC02217816} = {799893D2-E54B-38EF-B6DC-4EBC02217816}
		{9092C5CC-3E71-41B3-BF68-4A7BDD8A5476} = {9092C5CC-3E71-41B3-BF68-4A7BDD8A5476}
		{C062388D-891A-3A52-929E-E8A803DFD91B} = {C062388D-891A-3A52-929E-E8A803DFD91B}
	EndProjectSection
EndProject
Project("{8BC9CEB8-8B4A-11D0-8D11-00A0C91BC942}") = "Tree-Sitter-CPP", "3rdParty\tree-sitter-cpp\buildwin\Tree-Sitter-CPP.vcxproj", "{633519CE-E851-4C63-9695-E9A564020F04}"
EndProject
Project("{8BC9CEB8-8B4A-11D0-8D11-00A0C91BC942}") = "liblz4", "3rdParty\lz4\build\VS2022\liblz4\liblz4.vcxproj", "{9092C5CC-3E71-41B3-BF68-4A7BDD8A5476}"
EndProject
Project("{8BC9CEB8-8B4A-11D0-8D11-00A0C91BC942}") = "FastPFor", "3rdParty\fastpfor\msvc\FastPFor.vcxproj", "{42D8ABA4-FC4E-426C-A833-D64D06081F92}"
EndProject
Project("{8BC9CEB8-8B4A-11D0-8D11-00A0C91BC942}") = "zlibstatic", "3rdParty\zlib\build\zlibstatic.vcxproj", "{799893D2-E54B-38EF-B6DC-4EBC02217816}"
EndProject
Project("{8BC9CEB8-8B4A-11D0-8D11-00A0C91BC942}") = "LzmaLib", "3rdParty\lzma\C\Util\LzmaLib\LzmaLib.vcxproj", "{12345678-ABCD-4321-EFAB-1234567890AB}"
EndProject
Project("{8BC9CEB8-8B4A-11D0-8D11-00A0C91BC942}") = "libbsc", "3rdParty\libbsc\build\libbsc.vcxproj", "{2350075F-3FD7-3232-AF14-1B2CA151C82B}"
EndProject
Project("{8BC9CEB8-8B4A-11D0-8D11-00A0C91BC942}") = "libzstd-dll", "3rdParty\zstd\build\VS2010\libzstd-dll\libzstd-dll.vcxproj", "{00000000-94D5-4BF9-8A50-7BD9929A0850}"
EndProject
Project("{2150E333-8FDC-42A3-9474-1A3956D46DE8}") = "soci", "soci", "{02EA681E-C7D8-13C7-8484-4AC65E1B71E8}"
EndProject
Project("{2150E333-8FDC-42A3-9474-1A3956D46DE8}") = "treesitter", "treesitter", "{3230D66F-4A6D-4623-946F-3B6C48F6F6B1}"
EndProject
Project("{2150E333-8FDC-42A3-9474-1A3956D46DE8}") = "compression", "compression", "{0A6A2091-1599-46E9-891C-2595E15FA554}"
EndProject
Project("{8BC9CEB8-8B4A-11D0-8D11-00A0C91BC942}") = "soci_core", "3rdParty\soci\build\src\core\soci_core.vcxproj", "{814D679A-82F0-356F-9B4A-3DDF4A2E4887}"
EndProject
Project("{8BC9CEB8-8B4A-11D0-8D11-00A0C91BC942}") = "soci_sqlite3", "3rdParty\soci\build\src\backends\sqlite3\soci_sqlite3.vcxproj", "{7D567F88-380E-3BBD-BBD8-EF9E8667F051}"
EndProject
Project("{8BC9CEB8-8B4A-11D0-8D11-00A0C91BC942}") = "soci_odbc", "3rdParty\soci\build\src\backends\odbc\soci_odbc.vcxproj", "{AAD5F0C6-6D6F-33D5-BFA6-9BE8B97607E2}"
EndProject
Project("{2150E333-8FDC-42A3-9474-1A3956D46DE8}") = "tests", "tests", "{290865CC-E3E1-425F-AEA4-87BCBD0B6D01}"
EndProject
Project("{2150E333-8FDC-42A3-9474-1A3956D46DE8}") = "apps", "apps", "{EC1A7C04-5B10-47A6-BD34-8486134DFC08}"
EndProject
Project("{2150E333-8FDC-42A3-9474-1A3956D46DE8}") = "libs", "libs", "{FE8A925B-BE89-42BB-8C74-59200CAFEAD2}"
EndProject
Project("{8BC9CEB8-8B4A-11D0-8D11-00A0C91BC942}") = "CompressionTest", "tests\CompressionTest\CompressionTest.vcxproj", "{9DF0059C-899A-4024-97A5-3DBF6F3E9568}"
	ProjectSection(ProjectDependencies) = postProject
		{083D0B35-AB94-482B-BC6B-62F930799CEA} = {083D0B35-AB94-482B-BC6B-62F930799CEA}
	EndProjectSection
EndProject
Project("{8BC9CEB8-8B4A-11D0-8D11-00A0C91BC942}") = "DatabaseTest", "tests\DatabaseTest\DatabaseTest.vcxproj", "{E5414509-23AC-4345-BA9F-30BB60D435BE}"
	ProjectSection(ProjectDependencies) = postProject
		{083D0B35-AB94-482B-BC6B-62F930799CEA} = {083D0B35-AB94-482B-BC6B-62F930799CEA}
	EndProjectSection
EndProject
Project("{8BC9CEB8-8B4A-11D0-8D11-00A0C91BC942}") = "SearchTest", "tests\SearchTest\SearchTest.vcxproj", "{73326429-0CAF-4C64-BD68-A4938804B85C}"
	ProjectSection(ProjectDependencies) = postProject
		{083D0B35-AB94-482B-BC6B-62F930799CEA} = {083D0B35-AB94-482B-BC6B-62F930799CEA}
	EndProjectSection
EndProject
Project("{8BC9CEB8-8B4A-11D0-8D11-00A0C91BC942}") = "ImportTest", "tests\ImportTest\ImportTest.vcxproj", "{BE51A507-59CA-457C-AEB4-7117D5A5EE73}"
	ProjectSection(ProjectDependencies) = postProject
		{083D0B35-AB94-482B-BC6B-62F930799CEA} = {083D0B35-AB94-482B-BC6B-62F930799CEA}
	EndProjectSection
EndProject
Project("{2150E333-8FDC-42A3-9474-1A3956D46DE8}") = "other", "other", "{E2D95EF9-D770-43C8-9862-49AFCBB38164}"
EndProject
Project("{8BC9CEB8-8B4A-11D0-8D11-00A0C91BC942}") = "SrvLib", "3rdParty\SrvLib\SrvLib.vcxproj", "{A1AC7A45-F1E1-4E82-8B2C-BD0B57239685}"
EndProject
Project("{8BC9CEB8-8B4A-11D0-8D11-00A0C91BC942}") = "AhnalyticScannerServer", "apps\AhnalyticScannerServer\AhnalyticScannerServer.vcxproj", "{08BE6E99-142F-4BA3-A929-4DCC83826B35}"
	ProjectSection(ProjectDependencies) = postProject
		{083D0B35-AB94-482B-BC6B-62F930799CEA} = {083D0B35-AB94-482B-BC6B-62F930799CEA}
		{A1AC7A45-F1E1-4E82-8B2C-BD0B57239685} = {A1AC7A45-F1E1-4E82-8B2C-BD0B57239685}
	EndProjectSection
EndProject
Project("{8BC9CEB8-8B4A-11D0-8D11-00A0C91BC942}") = "AhnalyticUpdateServer", "apps\AhnalyticUpdateServer\AhnalyticUpdateServer.vcxproj", "{49FC25EB-856B-4F9E-9B74-EFDC66022009}"
	ProjectSection(ProjectDependencies) = postProject
		{083D0B35-AB94-482B-BC6B-62F930799CEA} = {083D0B35-AB94-482B-BC6B-62F930799CEA}
		{A1AC7A45-F1E1-4E82-8B2C-BD0B57239685} = {A1AC7A45-F1E1-4E82-8B2C-BD0B57239685}
	EndProjectSection
EndProject
Project("{8BC9CEB8-8B4A-11D0-8D11-00A0C91BC942}") = "archive_static", "3rdParty\libarchive\project\libarchive\archive_static.vcxproj", "{C062388D-891A-3A52-929E-E8A803DFD91B}"
EndProject
Global
	GlobalSection(SolutionConfigurationPlatforms) = preSolution
		Debug|x64 = Debug|x64
		Debug|x86 = Debug|x86
		Release|x64 = Release|x64
		Release|x86 = Release|x86
	EndGlobalSection
	GlobalSection(ProjectConfigurationPlatforms) = postSolution
		{2B1933A9-2E41-47A6-9CCB-6A2B3A895FE4}.Debug|x64.ActiveCfg = Debug|x64
		{2B1933A9-2E41-47A6-9CCB-6A2B3A895FE4}.Debug|x64.Build.0 = Debug|x64
		{2B1933A9-2E41-47A6-9CCB-6A2B3A895FE4}.Debug|x86.ActiveCfg = Debug|Win32
		{2B1933A9-2E41-47A6-9CCB-6A2B3A895FE4}.Debug|x86.Build.0 = Debug|Win32
		{2B1933A9-2E41-47A6-9CCB-6A2B3A895FE4}.Release|x64.ActiveCfg = Release|x64
		{2B1933A9-2E41-47A6-9CCB-6A2B3A895FE4}.Release|x64.Build.0 = Release|x64
		{2B1933A9-2E41-47A6-9CCB-6A2B3A895FE4}.Release|x86.ActiveCfg = Release|Win32
		{2B1933A9-2E41-47A6-9CCB-6A2B3A895FE4}.Release|x86.Build.0 = Release|Win32
		{2D43DCA6-7904-4D30-B04A-822FCA57443C}.Debug|x64.ActiveCfg = Debug|x64
		{2D43DCA6-7904-4D30-B04A-822FCA57443C}.Debug|x64.Build.0 = Debug|x64
		{2D43DCA6-7904-4D30-B04A-822FCA57443C}.Debug|x86.ActiveCfg = Debug|Win32
		{2D43DCA6-7904-4D30-B04A-822FCA57443C}.Debug|x86.Build.0 = Debug|Win32
		{2D43DCA6-7904-4D30-B04A-822FCA57443C}.Release|x64.ActiveCfg = Release|x64
		{2D43DCA6-7904-4D30-B04A-822FCA57443C}.Release|x64.Build.0 = Release|x64
		{2D43DCA6-7904-4D30-B04A-822FCA57443C}.Release|x86.ActiveCfg = Release|Win32
		{2D43DCA6-7904-4D30-B04A-822FCA57443C}.Release|x86.Build.0 = Release|Win32
		{083D0B35-AB94-482B-BC6B-62F930799CEA}.Debug|x64.ActiveCfg = Debug|x64
		{083D0B35-AB94-482B-BC6B-62F930799CEA}.Debug|x64.Build.0 = Debug|x64
		{083D0B35-AB94-482B-BC6B-62F930799CEA}.Debug|x86.ActiveCfg = Debug|Win32
		{083D0B35-AB94-482B-BC6B-62F930799CEA}.Debug|x86.Build.0 = Debug|Win32
		{083D0B35-AB94-482B-BC6B-62F930799CEA}.Release|x64.ActiveCfg = Release|x64
		{083D0B35-AB94-482B-BC6B-62F930799CEA}.Release|x64.Build.0 = Release|x64
		{083D0B35-AB94-482B-BC6B-62F930799CEA}.Release|x86.ActiveCfg = Release|Win32
		{083D0B35-AB94-482B-BC6B-62F930799CEA}.Release|x86.Build.0 = Release|Win32
		{633519CE-E851-4C63-9695-E9A564020F04}.Debug|x64.ActiveCfg = Debug|x64
		{633519CE-E851-4C63-9695-E9A564020F04}.Debug|x64.Build.0 = Debug|x64
		{633519CE-E851-4C63-9695-E9A564020F04}.Debug|x86.ActiveCfg = Debug|Win32
		{633519CE-E851-4C63-9695-E9A564020F04}.Debug|x86.Build.0 = Debug|Win32
		{633519CE-E851-4C63-9695-E9A564020F04}.Release|x64.ActiveCfg = Release|x64
		{633519CE-E851-4C63-9695-E9A564020F04}.Release|x64.Build.0 = Release|x64
		{633519CE-E851-4C63-9695-E9A564020F04}.Release|x86.ActiveCfg = Release|Win32
		{633519CE-E851-4C63-9695-E9A564020F04}.Release|x86.Build.0 = Release|Win32
		{9092C5CC-3E71-41B3-BF68-4A7BDD8A5476}.Debug|x64.ActiveCfg = Debug|x64
		{9092C5CC-3E71-41B3-BF68-4A7BDD8A5476}.Debug|x64.Build.0 = Debug|x64
		{9092C5CC-3E71-41B3-BF68-4A7BDD8A5476}.Debug|x86.ActiveCfg = Debug|Win32
		{9092C5CC-3E71-41B3-BF68-4A7BDD8A5476}.Debug|x86.Build.0 = Debug|Win32
		{9092C5CC-3E71-41B3-BF68-4A7BDD8A5476}.Release|x64.ActiveCfg = Release|x64
		{9092C5CC-3E71-41B3-BF68-4A7BDD8A5476}.Release|x64.Build.0 = Release|x64
		{9092C5CC-3E71-41B3-BF68-4A7BDD8A5476}.Release|x86.ActiveCfg = Release|Win32
		{9092C5CC-3E71-41B3-BF68-4A7BDD8A5476}.Release|x86.Build.0 = Release|Win32
		{42D8ABA4-FC4E-426C-A833-D64D06081F92}.Debug|x64.ActiveCfg = Debug|x64
		{42D8ABA4-FC4E-426C-A833-D64D06081F92}.Debug|x64.Build.0 = Debug|x64
		{42D8ABA4-FC4E-426C-A833-D64D06081F92}.Debug|x86.ActiveCfg = Debug|x64
		{42D8ABA4-FC4E-426C-A833-D64D06081F92}.Debug|x86.Build.0 = Debug|x64
		{42D8ABA4-FC4E-426C-A833-D64D06081F92}.Release|x64.ActiveCfg = Release|x64
		{42D8ABA4-FC4E-426C-A833-D64D06081F92}.Release|x64.Build.0 = Release|x64
		{42D8ABA4-FC4E-426C-A833-D64D06081F92}.Release|x86.ActiveCfg = Release|x64
		{42D8ABA4-FC4E-426C-A833-D64D06081F92}.Release|x86.Build.0 = Release|x64
		{799893D2-E54B-38EF-B6DC-4EBC02217816}.Debug|x64.ActiveCfg = Debug|x64
		{799893D2-E54B-38EF-B6DC-4EBC02217816}.Debug|x64.Build.0 = Debug|x64
		{799893D2-E54B-38EF-B6DC-4EBC02217816}.Debug|x86.ActiveCfg = Debug|x64
		{799893D2-E54B-38EF-B6DC-4EBC02217816}.Debug|x86.Build.0 = Debug|x64
		{799893D2-E54B-38EF-B6DC-4EBC02217816}.Release|x64.ActiveCfg = Release|x64
		{799893D2-E54B-38EF-B6DC-4EBC02217816}.Release|x64.Build.0 = Release|x64
		{799893D2-E54B-38EF-B6DC-4EBC02217816}.Release|x86.ActiveCfg = Release|x64
		{799893D2-E54B-38EF-B6DC-4EBC02217816}.Release|x86.Build.0 = Release|x64
		{12345678-ABCD-4321-EFAB-1234567890AB}.Debug|x64.ActiveCfg = Debug|x64
		{12345678-ABCD-4321-EFAB-1234567890AB}.Debug|x64.Build.0 = Debug|x64
		{12345678-ABCD-4321-EFAB-1234567890AB}.Debug|x86.ActiveCfg = Debug|Win32
		{12345678-ABCD-4321-EFAB-1234567890AB}.Debug|x86.Build.0 = Debug|Win32
		{12345678-ABCD-4321-EFAB-1234567890AB}.Release|x64.ActiveCfg = Release|x64
		{12345678-ABCD-4321-EFAB-1234567890AB}.Release|x64.Build.0 = Release|x64
		{12345678-ABCD-4321-EFAB-1234567890AB}.Release|x86.ActiveCfg = Release|Win32
		{12345678-ABCD-4321-EFAB-1234567890AB}.Release|x86.Build.0 = Release|Win32
		{2350075F-3FD7-3232-AF14-1B2CA151C82B}.Debug|x64.ActiveCfg = Debug|x64
		{2350075F-3FD7-3232-AF14-1B2CA151C82B}.Debug|x64.Build.0 = Debug|x64
		{2350075F-3FD7-3232-AF14-1B2CA151C82B}.Debug|x86.ActiveCfg = Debug|x64
		{2350075F-3FD7-3232-AF14-1B2CA151C82B}.Debug|x86.Build.0 = Debug|x64
		{2350075F-3FD7-3232-AF14-1B2CA151C82B}.Release|x64.ActiveCfg = Release|x64
		{2350075F-3FD7-3232-AF14-1B2CA151C82B}.Release|x64.Build.0 = Release|x64
		{2350075F-3FD7-3232-AF14-1B2CA151C82B}.Release|x86.ActiveCfg = Release|x64
		{2350075F-3FD7-3232-AF14-1B2CA151C82B}.Release|x86.Build.0 = Release|x64
		{00000000-94D5-4BF9-8A50-7BD9929A0850}.Debug|x64.ActiveCfg = Debug|x64
		{00000000-94D5-4BF9-8A50-7BD9929A0850}.Debug|x64.Build.0 = Debug|x64
		{00000000-94D5-4BF9-8A50-7BD9929A0850}.Debug|x86.ActiveCfg = Debug|Win32
		{00000000-94D5-4BF9-8A50-7BD9929A0850}.Debug|x86.Build.0 = Debug|Win32
		{00000000-94D5-4BF9-8A50-7BD9929A0850}.Release|x64.ActiveCfg = Release|x64
		{00000000-94D5-4BF9-8A50-7BD9929A0850}.Release|x64.Build.0 = Release|x64
		{00000000-94D5-4BF9-8A50-7BD9929A0850}.Release|x86.ActiveCfg = Release|Win32
		{00000000-94D5-4BF9-8A50-7BD9929A0850}.Release|x86.Build.0 = Release|Win32
		{814D679A-82F0-356F-9B4A-3DDF4A2E4887}.Debug|x64.ActiveCfg = Debug|x64
		{814D679A-82F0-356F-9B4A-3DDF4A2E4887}.Debug|x64.Build.0 = Debug|x64
		{814D679A-82F0-356F-9B4A-3DDF4A2E4887}.Debug|x86.ActiveCfg = Debug|x64
		{814D679A-82F0-356F-9B4A-3DDF4A2E4887}.Debug|x86.Build.0 = Debug|x64
		{814D679A-82F0-356F-9B4A-3DDF4A2E4887}.Release|x64.ActiveCfg = Release|x64
		{814D679A-82F0-356F-9B4A-3DDF4A2E4887}.Release|x64.Build.0 = Release|x64
		{814D679A-82F0-356F-9B4A-3DDF4A2E4887}.Release|x86.ActiveCfg = Release|x64
		{814D679A-82F0-356F-9B4A-3DDF4A2E4887}.Release|x86.Build.0 = Release|x64
		{7D567F88-380E-3BBD-BBD8-EF9E8667F051}.Debug|x64.ActiveCfg = Debug|x64
		{7D567F88-380E-3BBD-BBD8-EF9E8667F051}.Debug|x64.Build.0 = Debug|x64
		{7D567F88-380E-3BBD-BBD8-EF9E8667F051}.Debug|x86.ActiveCfg = Debug|x64
		{7D567F88-380E-3BBD-BBD8-EF9E8667F051}.Debug|x86.Build.0 = Debug|x64
		{7D567F88-380E-3BBD-BBD8-EF9E8667F051}.Release|x64.ActiveCfg = Release|x64
		{7D567F88-380E-3BBD-BBD8-EF9E8667F051}.Release|x64.Build.0 = Release|x64
		{7D567F88-380E-3BBD-BBD8-EF9E8667F051}.Release|x86.ActiveCfg = Release|x64
		{7D567F88-380E-3BBD-BBD8-EF9E8667F051}.Release|x86.Build.0 = Release|x64
		{AAD5F0C6-6D6F-33D5-BFA6-9BE8B97607E2}.Debug|x64.ActiveCfg = Debug|x64
		{AAD5F0C6-6D6F-33D5-BFA6-9BE8B97607E2}.Debug|x64.Build.0 = Debug|x64
		{AAD5F0C6-6D6F-33D5-BFA6-9BE8B97607E2}.Debug|x86.ActiveCfg = Debug|x64
		{AAD5F0C6-6D6F-33D5-BFA6-9BE8B97607E2}.Debug|x86.Build.0 = Debug|x64
		{AAD5F0C6-6D6F-33D5-BFA6-9BE8B97607E2}.Release|x64.ActiveCfg = Release|x64
		{AAD5F0C6-6D6F-33D5-BFA6-9BE8B97607E2}.Release|x64.Build.0 = Release|x64
		{AAD5F0C6-6D6F-33D5-BFA6-9BE8B97607E2}.Release|x86.ActiveCfg = Release|x64
		{AAD5F0C6-6D6F-33D5-BFA6-9BE8B97607E2}.Release|x86.Build.0 = Release|x64
		{9DF0059C-899A-4024-97A5-3DBF6F3E9568}.Debug|x64.ActiveCfg = Debug|x64
		{9DF0059C-899A-4024-97A5-3DBF6F3E9568}.Debug|x64.Build.0 = Debug|x64
		{9DF0059C-899A-4024-97A5-3DBF6F3E9568}.Debug|x86.ActiveCfg = Debug|Win32
		{9DF0059C-899A-4024-97A5-3DBF6F3E9568}.Debug|x86.Build.0 = Debug|Win32
		{9DF0059C-899A-4024-97A5-3DBF6F3E9568}.Release|x64.ActiveCfg = Release|x64
		{9DF0059C-899A-4024-97A5-3DBF6F3E9568}.Release|x64.Build.0 = Release|x64
		{9DF0059C-899A-4024-97A5-3DBF6F3E9568}.Release|x86.ActiveCfg = Release|Win32
		{9DF0059C-899A-4024-97A5-3DBF6F3E9568}.Release|x86.Build.0 = Release|Win32
		{E5414509-23AC-4345-BA9F-30BB60D435BE}.Debug|x64.ActiveCfg = Debug|x64
		{E5414509-23AC-4345-BA9F-30BB60D435BE}.Debug|x64.Build.0 = Debug|x64
		{E5414509-23AC-4345-BA9F-30BB60D435BE}.Debug|x86.ActiveCfg = Debug|Win32
		{E5414509-23AC-4345-BA9F-30BB60D435BE}.Debug|x86.Build.0 = Debug|Win32
		{E5414509-23AC-4345-BA9F-30BB60D435BE}.Release|x64.ActiveCfg = Release|x64
		{E5414509-23AC-4345-BA9F-30BB60D435BE}.Release|x64.Build.0 = Release|x64
		{E5414509-23AC-4345-BA9F-30BB60D435BE}.Release|x86.ActiveCfg = Release|Win32
		{E5414509-23AC-4345-BA9F-30BB60D435BE}.Release|x86.Build.0 = Release|Win32
		{73326429-0CAF-4C64-BD68-A4938804B85C}.Debug|x64.ActiveCfg = Debug|x64
		{73326429-0CAF-4C64-BD68-A4938804B85C}.Debug|x64.Build.0 = Debug|x64
		{73326429-0CAF-4C64-BD68-A4938804B85C}.Debug|x86.ActiveCfg = Debug|Win32
		{73326429-0CAF-4C64-BD68-A4938804B85C}.Debug|x86.Build.0 = Debug|Win32
		{73326429-0CAF-4C64-BD68-A4938804B85C}.Release|x64.ActiveCfg = Release|x64
		{73326429-0CAF-4C64-BD68-A4938804B85C}.Release|x64.Build.0 = Release|x64
		{73326429-0CAF-4C64-BD68-A4938804B85C}.Release|x86.ActiveCfg = Release|Win32
		{73326429-0CAF-4C64-BD68-A4938804B85C}.Release|x86.Build.0 = Release|Win32
		{BE51A507-59CA-457C-AEB4-7117D5A5EE73}.Debug|x64.ActiveCfg = Debug|x64
		{BE51A507-59CA-457C-AEB4-7117D5A5EE73}.Debug|x64.Build.0 = Debug|x64
		{BE51A507-59CA-457C-AEB4-7117D5A5EE73}.Debug|x86.ActiveCfg = Debug|Win32
		{BE51A507-59CA-457C-AEB4-7117D5A5EE73}.Debug|x86.Build.0 = Debug|Win32
		{BE51A507-59CA-457C-AEB4-7117D5A5EE73}.Release|x64.ActiveCfg = Release|x64
		{BE51A507-59CA-457C-AEB4-7117D5A5EE73}.Release|x64.Build.0 = Release|x64
		{BE51A507-59CA-457C-AEB4-7117D5A5EE73}.Release|x86.ActiveCfg = Release|Win32
		{BE51A507-59CA-457C-AEB4-7117D5A5EE73}.Release|x86.Build.0 = Release|Win32
		{A1AC7A45-F1E1-4E82-8B2C-BD0B57239685}.Debug|x64.ActiveCfg = Debug|x64
		{A1AC7A45-F1E1-4E82-8B2C-BD0B57239685}.Debug|x64.Build.0 = Debug|x64
		{A1AC7A45-F1E1-4E82-8B2C-BD0B57239685}.Debug|x86.ActiveCfg = Debug|Win32
		{A1AC7A45-F1E1-4E82-8B2C-BD0B57239685}.Debug|x86.Build.0 = Debug|Win32
		{A1AC7A45-F1E1-4E82-8B2C-BD0B57239685}.Release|x64.ActiveCfg = Release|x64
		{A1AC7A45-F1E1-4E82-8B2C-BD0B57239685}.Release|x64.Build.0 = Release|x64
		{A1AC7A45-F1E1-4E82-8B2C-BD0B57239685}.Release|x86.ActiveCfg = Release|Win32
		{A1AC7A45-F1E1-4E82-8B2C-BD0B57239685}.Release|x86.Build.0 = Release|Win32
		{08BE6E99-142F-4BA3-A929-4DCC83826B35}.Debug|x64.ActiveCfg = Debug|x64
		{08BE6E99-142F-4BA3-A929-4DCC83826B35}.Debug|x64.Build.0 = Debug|x64
		{08BE6E99-142F-4BA3-A929-4DCC83826B35}.Debug|x86.ActiveCfg = Debug|Win32
		{08BE6E99-142F-4BA3-A929-4DCC83826B35}.Debug|x86.Build.0 = Debug|Win32
		{08BE6E99-142F-4BA3-A929-4DCC83826B35}.Release|x64.ActiveCfg = Release|x64
		{08BE6E99-142F-4BA3-A929-4DCC83826B35}.Release|x64.Build.0 = Release|x64
		{08BE6E99-142F-4BA3-A929-4DCC83826B35}.Release|x86.ActiveCfg = Release|Win32
		{08BE6E99-142F-4BA3-A929-4DCC83826B35}.Release|x86.Build.0 = Release|Win32
		{49FC25EB-856B-4F9E-9B74-EFDC66022009}.Debug|x64.ActiveCfg = Debug|x64
		{49FC25EB-856B-4F9E-9B74-EFDC66022009}.Debug|x64.Build.0 = Debug|x64
		{49FC25EB-856B-4F9E-9B74-EFDC66022009}.Debug|x86.ActiveCfg = Debug|Win32
		{49FC25EB-856B-4F9E-9B74-EFDC66022009}.Debug|x86.Build.0 = Debug|Win32
		{49FC25EB-856B-4F9E-9B74-EFDC66022009}.Release|x64.ActiveCfg = Release|x64
		{49FC25EB-856B-4F9E-9B74-EFDC66022009}.Release|x64.Build.0 = Release|x64
		{49FC25EB-856B-4F9E-9B74-EFDC66022009}.Release|x86.ActiveCfg = Release|Win32
		{49FC25EB-856B-4F9E-9B74-EFDC66022009}.Release|x86.Build.0 = Release|Win32
		{C062388D-891A-3A52-929E-E8A803DFD91B}.Debug|x64.ActiveCfg = Debug|x64
		{C062388D-891A-3A52-929E-E8A803DFD91B}.Debug|x64.Build.0 = Debug|x64
		{C062388D-891A-3A52-929E-E8A803DFD91B}.Debug|x86.ActiveCfg = Debug|x64
		{C062388D-891A-3A52-929E-E8A803DFD91B}.Debug|x86.Build.0 = Debug|x64
		{C062388D-891A-3A52-929E-E8A803DFD91B}.Release|x64.ActiveCfg = Release|x64
		{C062388D-891A-3A52-929E-E8A803DFD91B}.Release|x64.Build.0 = Release|x64
		{C062388D-891A-3A52-929E-E8A803DFD91B}.Release|x86.ActiveCfg = Release|x64
		{C062388D-891A-3A52-929E-E8A803DFD91B}.Release|x86.Build.0 = Release|x64
	EndGlobalSection
	GlobalSection(SolutionProperties) = preSolution
		HideSolutionNode = FALSE
	EndGlobalSection
	GlobalSection(NestedProjects) = preSolution
		{2B1933A9-2E41-47A6-9CCB-6A2B3A895FE4} = {EC1A7C04-5B10-47A6-BD34-8486134DFC08}
		{2D43DCA6-7904-4D30-B04A-822FCA57443C} = {3230D66F-4A6D-4623-946F-3B6C48F6F6B1}
		{083D0B35-AB94-482B-BC6B-62F930799CEA} = {FE8A925B-BE89-42BB-8C74-59200CAFEAD2}
		{633519CE-E851-4C63-9695-E9A564020F04} = {3230D66F-4A6D-4623-946F-3B6C48F6F6B1}
		{9092C5CC-3E71-41B3-BF68-4A7BDD8A5476} = {0A6A2091-1599-46E9-891C-2595E15FA554}
		{42D8ABA4-FC4E-426C-A833-D64D06081F92} = {0A6A2091-1599-46E9-891C-2595E15FA554}
		{799893D2-E54B-38EF-B6DC-4EBC02217816} = {0A6A2091-1599-46E9-891C-2595E15FA554}
		{12345678-ABCD-4321-EFAB-1234567890AB} = {0A6A2091-1599-46E9-891C-2595E15FA554}
		{2350075F-3FD7-3232-AF14-1B2CA151C82B} = {0A6A2091-1599-46E9-891C-2595E15FA554}
		{00000000-94D5-4BF9-8A50-7BD9929A0850} = {0A6A2091-1599-46E9-891C-2595E15FA554}
		{814D679A-82F0-356F-9B4A-3DDF4A2E4887} = {02EA681E-C7D8-13C7-8484-4AC65E1B71E8}
		{7D567F88-380E-3BBD-BBD8-EF9E8667F051} = {02EA681E-C7D8-13C7-8484-4AC65E1B71E8}
		{AAD5F0C6-6D6F-33D5-BFA6-9BE8B97607E2} = {02EA681E-C7D8-13C7-8484-4AC65E1B71E8}
		{9DF0059C-899A-4024-97A5-3DBF6F3E9568} = {290865CC-E3E1-425F-AEA4-87BCBD0B6D01}
		{E5414509-23AC-4345-BA9F-30BB60D435BE} = {290865CC-E3E1-425F-AEA4-87BCBD0B6D01}
		{73326429-0CAF-4C64-BD68-A4938804B85C} = {290865CC-E3E1-425F-AEA4-87BCBD0B6D01}
		{BE51A507-59CA-457C-AEB4-7117D5A5EE73} = {290865CC-E3E1-425F-AEA4-87BCBD0B6D01}
		{A1AC7A45-F1E1-4E82-8B2C-BD0B57239685} = {E2D95EF9-D770-43C8-9862-49AFCBB38164}
		{08BE6E99-142F-4BA3-A929-4DCC83826B35} = {EC1A7C04-5B10-47A6-BD34-8486134DFC08}
		{49FC25EB-856B-4F9E-9B74-EFDC66022009} = {EC1A7C04-5B10-47A6-BD34-8486134DFC08}
		{C062388D-891A-3A52-929E-E8A803DFD91B} = {0A6A2091-1599-46E9-891C-2595E15FA554}
	EndGlobalSection
	GlobalSection(ExtensibilityGlobals) = postSolution
		SolutionGuid = {D2B48D52-B84D-4BE4-9A0B-DEF891174CCE}
	EndGlobalSection
EndGlobal
